Microsoft Visual Studio Solution File, Format Version 11.00
# Visual Studio 2008

Project("{BA6E7BD7-57F6-E116-6C74-2ED77C7A7EDD}") = "VR Wire Loop newest", "Assembly-CSharp-vs.csproj", "{15E1EB3A-F7FE-8A78-210F-49A5A381F0A0}"
EndProject
Project("{BA6E7BD7-57F6-E116-6C74-2ED77C7A7EDD}") = "VR Wire Loop newest", "Assembly-CSharp-Editor-vs.csproj", "{4B3E46F0-D74B-AA81-8A91-233BF225F2FB}"
EndProject
Global
	GlobalSection(SolutionConfigurationPlatforms) = preSolution
		Debug|Any CPU = Debug|Any CPU
		Release|Any CPU = Release|Any CPU
	EndGlobalSection
	GlobalSection(ProjectConfigurationPlatforms) = postSolution
		{15E1EB3A-F7FE-8A78-210F-49A5A381F0A0}.Debug|Any CPU.ActiveCfg = Debug|Any CPU
		{15E1EB3A-F7FE-8A78-210F-49A5A381F0A0}.Debug|Any CPU.Build.0 = Debug|Any CPU
		{15E1EB3A-F7FE-8A78-210F-49A5A381F0A0}.Release|Any CPU.ActiveCfg = Release|Any CPU
		{15E1EB3A-F7FE-8A78-210F-49A5A381F0A0}.Release|Any CPU.Build.0 = Release|Any CPU
		{4B3E46F0-D74B-AA81-8A91-233BF225F2FB}.Debug|Any CPU.ActiveCfg = Debug|Any CPU
		{4B3E46F0-D74B-AA81-8A91-233BF225F2FB}.Debug|Any CPU.Build.0 = Debug|Any CPU
		{4B3E46F0-D74B-AA81-8A91-233BF225F2FB}.Release|Any CPU.ActiveCfg = Release|Any CPU
		{4B3E46F0-D74B-AA81-8A91-233BF225F2FB}.Release|Any CPU.Build.0 = Release|Any CPU
	EndGlobalSection
	GlobalSection(SolutionProperties) = preSolution
		HideSolutionNode = FALSE
	EndGlobalSection
			GlobalSection(MonoDevelopProperties) = preSolution
		StartupItem = Assembly-CSharp.csproj
		Policies = $0
		$0.TextStylePolicy = $1
		$1.inheritsSet = null
		$1.scope = text/x-csharp
		$0.CSharpFormattingPolicy = $2
		$2.inheritsSet = Mono
		$2.inheritsScope = text/x-csharp
		$2.scope = text/x-csharp
		$0.TextStylePolicy = $3
		$3.FileWidth = 120
		$3.TabWidth = 4
		$3.IndentWidth = 4
		$3.EolMarker = Unix
		$3.inheritsSet = Mono
		$3.inheritsScope = text/plain
		$3.scope = text/plain
	EndGlobalSection

EndGlobal
